
Microsoft Visual Studio Solution File, Format Version 12.00
# Visual Studio Version 16
VisualStudioVersion = 16.0.32901.82
MinimumVisualStudioVersion = 10.0.40219.1
Project("{9A19103F-16F7-4668-BE54-9A1E7A4F7556}") = "Book_reading_app.Core.Web", "Book_reading_app\Book_reading_app.Core.Web.csproj", "{B5DD2C57-D482-4F43-A47E-DFE73F032C49}"
EndProject
Project("{2150E333-8FDC-42A3-9474-1A3956D46DE8}") = "1. Web", "1. Web", "{1A5E7323-B5BB-4AC1-9F76-6BA00353721E}"
EndProject
Project("{2150E333-8FDC-42A3-9474-1A3956D46DE8}") = "4. Foundation", "4. Foundation", "{5C8E8CCC-E098-42BE-B85A-64361C258BFB}"
EndProject
Project("{2150E333-8FDC-42A3-9474-1A3956D46DE8}") = "3. Business", "3. Business", "{A119B6CF-FDDB-4F73-8472-C7042B4E95DA}"
EndProject
Project("{2150E333-8FDC-42A3-9474-1A3956D46DE8}") = "2. Service", "2. Service", "{F37FCF87-843D-48DB-AFA4-CDE92C555952}"
EndProject
Project("{2150E333-8FDC-42A3-9474-1A3956D46DE8}") = "Data", "Data", "{5731CBC0-021B-476A-A3F9-6B08CEF4FE0A}"
EndProject
Project("{2150E333-8FDC-42A3-9474-1A3956D46DE8}") = "Domain", "Domain", "{68926616-E36D-4F9D-8CA4-90DF90B95CF1}"
EndProject
Project("{9A19103F-16F7-4668-BE54-9A1E7A4F7556}") = "Book_reading_app.Core.Domain", "Book_reading_app.Core.Domain\Book_reading_app.Core.Domain.csproj", "{D67D9974-9053-49EE-B90C-D6CA120E1FD1}"
EndProject
Project("{9A19103F-16F7-4668-BE54-9A1E7A4F7556}") = "Book_reading_app.Core.Data", "Book_reading_app.Core.Data\Book_reading_app.Core.Data.csproj", "{60E46759-3C14-4912-BDB0-3F3A9EB4F31A}"
EndProject
Project("{9A19103F-16F7-4668-BE54-9A1E7A4F7556}") = "Book_reading_app.AppDomain", "Book_reading_app.AppDomain\Book_reading_app.AppDomain.csproj", "{FDCBC6E4-7183-40F5-A282-3EE89C3806CE}"
EndProject
Project("{2150E333-8FDC-42A3-9474-1A3956D46DE8}") = "5. UnitTestCases", "5. UnitTestCases", "{222D3633-032E-483C-90B8-278426BCD757}"
EndProject
Project("{9A19103F-16F7-4668-BE54-9A1E7A4F7556}") = "BookReading.UnitTest", "BookReading.UnitTest\BookReading.UnitTest.csproj", "{58B0C329-8827-4F40-BA76-B9A426ADE7BF}"
EndProject
Project("{2150E333-8FDC-42A3-9474-1A3956D46DE8}") = "6.Plugins", "6.Plugins", "{D465A529-45F4-4DD1-A4D9-11206B408615}"
EndProject
Project("{9A19103F-16F7-4668-BE54-9A1E7A4F7556}") = "BookReadingApp.Plugins", "BookReadingApp.Plugins\BookReadingApp.Plugins.csproj", "{C35C6136-AC85-44E5-815A-9AE9ED10A22F}"
EndProject
Project("{2150E333-8FDC-42A3-9474-1A3956D46DE8}") = "Core", "Core", "{7AAEAA32-D3F4-43E4-86B3-8A4EF225B8C9}"
EndProject
Project("{FAE04EC0-301F-11D3-BF4B-00C04F79EFBC}") = "Book_reading_app.Core", "Book_reading_app.Core\Book_reading_app.Core.csproj", "{412BD032-B121-4509-BF09-E742DB69EE4A}"
EndProject
Global
	GlobalSection(SolutionConfigurationPlatforms) = preSolution
		Debug|Any CPU = Debug|Any CPU
		Release|Any CPU = Release|Any CPU
	EndGlobalSection
	GlobalSection(ProjectConfigurationPlatforms) = postSolution
		{B5DD2C57-D482-4F43-A47E-DFE73F032C49}.Debug|Any CPU.ActiveCfg = Debug|Any CPU
		{B5DD2C57-D482-4F43-A47E-DFE73F032C49}.Debug|Any CPU.Build.0 = Debug|Any CPU
		{B5DD2C57-D482-4F43-A47E-DFE73F032C49}.Release|Any CPU.ActiveCfg = Release|Any CPU
		{B5DD2C57-D482-4F43-A47E-DFE73F032C49}.Release|Any CPU.Build.0 = Release|Any CPU
		{D67D9974-9053-49EE-B90C-D6CA120E1FD1}.Debug|Any CPU.ActiveCfg = Debug|Any CPU
		{D67D9974-9053-49EE-B90C-D6CA120E1FD1}.Debug|Any CPU.Build.0 = Debug|Any CPU
		{D67D9974-9053-49EE-B90C-D6CA120E1FD1}.Release|Any CPU.ActiveCfg = Release|Any CPU
		{D67D9974-9053-49EE-B90C-D6CA120E1FD1}.Release|Any CPU.Build.0 = Release|Any CPU
		{60E46759-3C14-4912-BDB0-3F3A9EB4F31A}.Debug|Any CPU.ActiveCfg = Debug|Any CPU
		{60E46759-3C14-4912-BDB0-3F3A9EB4F31A}.Debug|Any CPU.Build.0 = Debug|Any CPU
		{60E46759-3C14-4912-BDB0-3F3A9EB4F31A}.Release|Any CPU.ActiveCfg = Release|Any CPU
		{60E46759-3C14-4912-BDB0-3F3A9EB4F31A}.Release|Any CPU.Build.0 = Release|Any CPU
		{FDCBC6E4-7183-40F5-A282-3EE89C3806CE}.Debug|Any CPU.ActiveCfg = Debug|Any CPU
		{FDCBC6E4-7183-40F5-A282-3EE89C3806CE}.Debug|Any CPU.Build.0 = Debug|Any CPU
		{FDCBC6E4-7183-40F5-A282-3EE89C3806CE}.Release|Any CPU.ActiveCfg = Release|Any CPU
		{FDCBC6E4-7183-40F5-A282-3EE89C3806CE}.Release|Any CPU.Build.0 = Release|Any CPU
		{58B0C329-8827-4F40-BA76-B9A426ADE7BF}.Debug|Any CPU.ActiveCfg = Debug|Any CPU
		{58B0C329-8827-4F40-BA76-B9A426ADE7BF}.Debug|Any CPU.Build.0 = Debug|Any CPU
		{58B0C329-8827-4F40-BA76-B9A426ADE7BF}.Release|Any CPU.ActiveCfg = Release|Any CPU
		{58B0C329-8827-4F40-BA76-B9A426ADE7BF}.Release|Any CPU.Build.0 = Release|Any CPU
		{C35C6136-AC85-44E5-815A-9AE9ED10A22F}.Debug|Any CPU.ActiveCfg = Debug|Any CPU
		{C35C6136-AC85-44E5-815A-9AE9ED10A22F}.Debug|Any CPU.Build.0 = Debug|Any CPU
		{C35C6136-AC85-44E5-815A-9AE9ED10A22F}.Release|Any CPU.ActiveCfg = Release|Any CPU
		{C35C6136-AC85-44E5-815A-9AE9ED10A22F}.Release|Any CPU.Build.0 = Release|Any CPU
		{412BD032-B121-4509-BF09-E742DB69EE4A}.Debug|Any CPU.ActiveCfg = Debug|Any CPU
		{412BD032-B121-4509-BF09-E742DB69EE4A}.Debug|Any CPU.Build.0 = Debug|Any CPU
		{412BD032-B121-4509-BF09-E742DB69EE4A}.Release|Any CPU.ActiveCfg = Release|Any CPU
		{412BD032-B121-4509-BF09-E742DB69EE4A}.Release|Any CPU.Build.0 = Release|Any CPU
	EndGlobalSection
	GlobalSection(SolutionProperties) = preSolution
		HideSolutionNode = FALSE
	EndGlobalSection
	GlobalSection(NestedProjects) = preSolution
		{B5DD2C57-D482-4F43-A47E-DFE73F032C49} = {1A5E7323-B5BB-4AC1-9F76-6BA00353721E}
		{5731CBC0-021B-476A-A3F9-6B08CEF4FE0A} = {5C8E8CCC-E098-42BE-B85A-64361C258BFB}
		{68926616-E36D-4F9D-8CA4-90DF90B95CF1} = {5C8E8CCC-E098-42BE-B85A-64361C258BFB}
		{D67D9974-9053-49EE-B90C-D6CA120E1FD1} = {68926616-E36D-4F9D-8CA4-90DF90B95CF1}
		{60E46759-3C14-4912-BDB0-3F3A9EB4F31A} = {5731CBC0-021B-476A-A3F9-6B08CEF4FE0A}
		{FDCBC6E4-7183-40F5-A282-3EE89C3806CE} = {A119B6CF-FDDB-4F73-8472-C7042B4E95DA}
		{58B0C329-8827-4F40-BA76-B9A426ADE7BF} = {222D3633-032E-483C-90B8-278426BCD757}
		{C35C6136-AC85-44E5-815A-9AE9ED10A22F} = {D465A529-45F4-4DD1-A4D9-11206B408615}
		{7AAEAA32-D3F4-43E4-86B3-8A4EF225B8C9} = {5C8E8CCC-E098-42BE-B85A-64361C258BFB}
		{412BD032-B121-4509-BF09-E742DB69EE4A} = {7AAEAA32-D3F4-43E4-86B3-8A4EF225B8C9}
	EndGlobalSection
	GlobalSection(ExtensibilityGlobals) = postSolution
		SolutionGuid = {FF9FDF84-45E3-49D4-A272-50F88CECF6DC}
	EndGlobalSection
EndGlobal
